
Microsoft Visual Studio Solution File, Format Version 12.00
# Visual Studio Version 16
VisualStudioVersion = 16.0.30611.23
MinimumVisualStudioVersion = 10.0.40219.1
Project("{FAE04EC0-301F-11D3-BF4B-00C04F79EFBC}") = "SyncPrimitives", "SyncPrimitives.csproj", "{EF049440-5983-443F-9171-A887322FFD92}"
EndProject
Global
	GlobalSection(SolutionConfigurationPlatforms) = preSolution
		Debug|Any CPU = Debug|Any CPU
		Release|Any CPU = Release|Any CPU
	EndGlobalSection
	GlobalSection(ProjectConfigurationPlatforms) = postSolution
		{EF049440-5983-443F-9171-A887322FFD92}.Debug|Any CPU.ActiveCfg = Debug|Any CPU
		{EF049440-5983-443F-9171-A887322FFD92}.Debug|Any CPU.Build.0 = Debug|Any CPU
		{EF049440-5983-443F-9171-A887322FFD92}.Release|Any CPU.ActiveCfg = Release|Any CPU
		{EF049440-5983-443F-9171-A887322FFD92}.Release|Any CPU.Build.0 = Release|Any CPU
	EndGlobalSection
	GlobalSection(SolutionProperties) = preSolution
		HideSolutionNode = FALSE
	EndGlobalSection
	GlobalSection(ExtensibilityGlobals) = postSolution
		SolutionGuid = {796ECA46-F6AA-4DE5-A60D-D29CEBF7A064}
	EndGlobalSection
EndGlobal
